# This file is automatically @generated by Cargo.
# It is not intended for manual editing.
version = 3

[[package]]
name = "dcf77_utils"
version = "0.4.0"
source = "registry+https://github.com/rust-lang/crates.io-index"
checksum = "5e542fd73f0f5a36532ff0949a22c5b943ba4eab1057e3752279d8b8095efa54"
dependencies = [
 "radio_datetime_utils",
]

[[package]]
name = "npl_utils"
version = "0.2.1"
source = "registry+https://github.com/rust-lang/crates.io-index"
checksum = "e3310b0e14da86e0ece8548064e0186e67a90e0847fe3be940d5d3a838430e1e"
dependencies = [
 "radio_datetime_utils",
]

[[package]]
name = "radio_datetime_analyzer"
version = "0.1.0"
dependencies = [
 "dcf77_utils",
 "npl_utils",
 "radio_datetime_utils",
]

[[package]]
name = "radio_datetime_utils"
version = "0.4.2"
source = "registry+https://github.com/rust-lang/crates.io-index"
checksum = "7b97b1d5411bc28bbaa1848797d912cc1de368f9baf23a6babd86e7acbc392d6"
