# This file is automatically @generated by Cargo.
# It is not intended for manual editing.
version = 3

[[package]]
name = "dcf77_utils"
version = "0.5.0"
source = "registry+https://github.com/rust-lang/crates.io-index"
checksum = "824d8617af2b569a01b5498c76efa9dca0acba748d4b339d5fbe3c7e28cb4cfb"
dependencies = [
 "radio_datetime_utils",
]

[[package]]
name = "msf60_utils"
version = "0.3.2"
source = "registry+https://github.com/rust-lang/crates.io-index"
checksum = "52d9c72eedf515f2d0629a9385f30f3ba7dd12b2f8025cd70edadb32ff45ea6f"
dependencies = [
 "radio_datetime_utils",
]

[[package]]
name = "radio_datetime_analyzer"
version = "0.1.2"
dependencies = [
 "dcf77_utils",
 "msf60_utils",
 "radio_datetime_utils",
]

[[package]]
name = "radio_datetime_utils"
version = "0.5.0"
source = "registry+https://github.com/rust-lang/crates.io-index"
checksum = "95cdd3b90edcd89072979b07d58b98573e6042d7d79f9b3c43aa14ceea645d6e"
