# This file is automatically @generated by Cargo.
# It is not intended for manual editing.
version = 3

[[package]]
name = "dcf77_utils"
version = "0.5.0"
source = "registry+https://github.com/rust-lang/crates.io-index"
checksum = "824d8617af2b569a01b5498c76efa9dca0acba748d4b339d5fbe3c7e28cb4cfb"
dependencies = [
 "radio_datetime_utils",
]

[[package]]
name = "npl_utils"
version = "0.3.0"
source = "registry+https://github.com/rust-lang/crates.io-index"
checksum = "e668fae4b37333a2645769f91eb11e3d4f629cf839ad37138439f92d050c7889"
dependencies = [
 "radio_datetime_utils",
]

[[package]]
name = "radio_datetime_analyzer"
version = "0.1.1"
dependencies = [
 "dcf77_utils",
 "npl_utils",
 "radio_datetime_utils",
]

[[package]]
name = "radio_datetime_utils"
version = "0.5.0"
source = "registry+https://github.com/rust-lang/crates.io-index"
checksum = "95cdd3b90edcd89072979b07d58b98573e6042d7d79f9b3c43aa14ceea645d6e"
